
Microsoft Visual Studio Solution File, Format Version 12.00
# Visual Studio 15
Project("{FAE04EC0-301F-11D3-BF4B-00C04F79EFBC}") = "MiniTwitWebApi", "MiniTwitWebApi\MiniTwitWebApi.csproj", "{ECC5EDF2-FB7F-44C2-A78A-544D6D58D5D5}"
EndProject
Project("{FAE04EC0-301F-11D3-BF4B-00C04F79EFBC}") = "MiniTwitWebApi.Tests", "MiniTwitWebApi.Tests\MiniTwitWebApi.Tests.csproj", "{6F9E4AF7-E574-4AA6-BA17-4DC4FC92641D}"
EndProject
Global
	GlobalSection(SolutionConfigurationPlatforms) = preSolution
		Debug|Any CPU = Debug|Any CPU
		Release|Any CPU = Release|Any CPU
	EndGlobalSection
	GlobalSection(ProjectConfigurationPlatforms) = postSolution
		{ECC5EDF2-FB7F-44C2-A78A-544D6D58D5D5}.Debug|Any CPU.ActiveCfg = Debug|Any CPU
		{ECC5EDF2-FB7F-44C2-A78A-544D6D58D5D5}.Debug|Any CPU.Build.0 = Debug|Any CPU
		{ECC5EDF2-FB7F-44C2-A78A-544D6D58D5D5}.Release|Any CPU.ActiveCfg = Release|Any CPU
		{ECC5EDF2-FB7F-44C2-A78A-544D6D58D5D5}.Release|Any CPU.Build.0 = Release|Any CPU
		{6F9E4AF7-E574-4AA6-BA17-4DC4FC92641D}.Debug|Any CPU.ActiveCfg = Debug|Any CPU
		{6F9E4AF7-E574-4AA6-BA17-4DC4FC92641D}.Debug|Any CPU.Build.0 = Debug|Any CPU
		{6F9E4AF7-E574-4AA6-BA17-4DC4FC92641D}.Release|Any CPU.ActiveCfg = Release|Any CPU
		{6F9E4AF7-E574-4AA6-BA17-4DC4FC92641D}.Release|Any CPU.Build.0 = Release|Any CPU
	EndGlobalSection
EndGlobal
